// !$*UTF8*$!
{
	archiveVersion = 1;
	classes = {
	};
	objectVersion = 46;
	objects = {

/* Begin PBXBuildFile section */
		3A5910B91CAF4A1D00FBB4B5 /* AppDelegate.swift in Sources */ = {isa = PBXBuildFile; fileRef = 3A5910B81CAF4A1D00FBB4B5 /* AppDelegate.swift */; };
		3A5910BB1CAF4A1D00FBB4B5 /* ViewController.swift in Sources */ = {isa = PBXBuildFile; fileRef = 3A5910BA1CAF4A1D00FBB4B5 /* ViewController.swift */; };
		3A5910BE1CAF4A1E00FBB4B5 /* Main.storyboard in Resources */ = {isa = PBXBuildFile; fileRef = 3A5910BC1CAF4A1D00FBB4B5 /* Main.storyboard */; };
		3A5910C31CAF4A1E00FBB4B5 /* LaunchScreen.storyboard in Resources */ = {isa = PBXBuildFile; fileRef = 3A5910C11CAF4A1E00FBB4B5 /* LaunchScreen.storyboard */; };
		3A5910CE1CAF4A1E00FBB4B5 /* rpg_oopTests.swift in Sources */ = {isa = PBXBuildFile; fileRef = 3A5910CD1CAF4A1E00FBB4B5 /* rpg_oopTests.swift */; };
		3A5910D91CAF4A1E00FBB4B5 /* rpg_oopUITests.swift in Sources */ = {isa = PBXBuildFile; fileRef = 3A5910D81CAF4A1E00FBB4B5 /* rpg_oopUITests.swift */; };
		3A5910E71CAF4BBB00FBB4B5 /* Assets.xcassets in Resources */ = {isa = PBXBuildFile; fileRef = 3A5910E61CAF4BBB00FBB4B5 /* Assets.xcassets */; };
		3A5910E91CAF4C1100FBB4B5 /* Character.swift in Sources */ = {isa = PBXBuildFile; fileRef = 3A5910E81CAF4C1100FBB4B5 /* Character.swift */; };
		3A5910EB1CAF4D7200FBB4B5 /* Player.swift in Sources */ = {isa = PBXBuildFile; fileRef = 3A5910EA1CAF4D7200FBB4B5 /* Player.swift */; };
		3A5910ED1CAF502300FBB4B5 /* Enemy.swift in Sources */ = {isa = PBXBuildFile; fileRef = 3A5910EC1CAF502300FBB4B5 /* Enemy.swift */; };
		3A5910EF1CAF524900FBB4B5 /* Kimara.swift in Sources */ = {isa = PBXBuildFile; fileRef = 3A5910EE1CAF524900FBB4B5 /* Kimara.swift */; };
		3A5910F11CAF535700FBB4B5 /* DevilWizard.swift in Sources */ = {isa = PBXBuildFile; fileRef = 3A5910F01CAF535700FBB4B5 /* DevilWizard.swift */; };
/* End PBXBuildFile section */

/* Begin PBXContainerItemProxy section */
		3A5910CA1CAF4A1E00FBB4B5 /* PBXContainerItemProxy */ = {
			isa = PBXContainerItemProxy;
			containerPortal = 3A5910AD1CAF4A1D00FBB4B5 /* Project object */;
			proxyType = 1;
			remoteGlobalIDString = 3A5910B41CAF4A1D00FBB4B5;
			remoteInfo = rpg_oop;
		};
		3A5910D51CAF4A1E00FBB4B5 /* PBXContainerItemProxy */ = {
			isa = PBXContainerItemProxy;
			containerPortal = 3A5910AD1CAF4A1D00FBB4B5 /* Project object */;
			proxyType = 1;
			remoteGlobalIDString = 3A5910B41CAF4A1D00FBB4B5;
			remoteInfo = rpg_oop;
		};
/* End PBXContainerItemProxy section */

/* Begin PBXFileReference section */
		3A5910B51CAF4A1D00FBB4B5 /* rpg_oop.app */ = {isa = PBXFileReference; explicitFileType = wrapper.application; includeInIndex = 0; path = rpg_oop.app; sourceTree = BUILT_PRODUCTS_DIR; };
		3A5910B81CAF4A1D00FBB4B5 /* AppDelegate.swift */ = {isa = PBXFileReference; lastKnownFileType = sourcecode.swift; path = AppDelegate.swift; sourceTree = "<group>"; };
		3A5910BA1CAF4A1D00FBB4B5 /* ViewController.swift */ = {isa = PBXFileReference; lastKnownFileType = sourcecode.swift; path = ViewController.swift; sourceTree = "<group>"; };
		3A5910BD1CAF4A1D00FBB4B5 /* Base */ = {isa = PBXFileReference; lastKnownFileType = file.storyboard; name = Base; path = Base.lproj/Main.storyboard; sourceTree = "<group>"; };
		3A5910C21CAF4A1E00FBB4B5 /* Base */ = {isa = PBXFileReference; lastKnownFileType = file.storyboard; name = Base; path = Base.lproj/LaunchScreen.storyboard; sourceTree = "<group>"; };
		3A5910C41CAF4A1E00FBB4B5 /* Info.plist */ = {isa = PBXFileReference; lastKnownFileType = text.plist.xml; path = Info.plist; sourceTree = "<group>"; };
		3A5910C91CAF4A1E00FBB4B5 /* rpg_oopTests.xctest */ = {isa = PBXFileReference; explicitFileType = wrapper.cfbundle; includeInIndex = 0; path = rpg_oopTests.xctest; sourceTree = BUILT_PRODUCTS_DIR; };
		3A5910CD1CAF4A1E00FBB4B5 /* rpg_oopTests.swift */ = {isa = PBXFileReference; lastKnownFileType = sourcecode.swift; path = rpg_oopTests.swift; sourceTree = "<group>"; };
		3A5910CF1CAF4A1E00FBB4B5 /* Info.plist */ = {isa = PBXFileReference; lastKnownFileType = text.plist.xml; path = Info.plist; sourceTree = "<group>"; };
		3A5910D41CAF4A1E00FBB4B5 /* rpg_oopUITests.xctest */ = {isa = PBXFileReference; explicitFileType = wrapper.cfbundle; includeInIndex = 0; path = rpg_oopUITests.xctest; sourceTree = BUILT_PRODUCTS_DIR; };
		3A5910D81CAF4A1E00FBB4B5 /* rpg_oopUITests.swift */ = {isa = PBXFileReference; lastKnownFileType = sourcecode.swift; path = rpg_oopUITests.swift; sourceTree = "<group>"; };
		3A5910DA1CAF4A1E00FBB4B5 /* Info.plist */ = {isa = PBXFileReference; lastKnownFileType = text.plist.xml; path = Info.plist; sourceTree = "<group>"; };
		3A5910E61CAF4BBB00FBB4B5 /* Assets.xcassets */ = {isa = PBXFileReference; lastKnownFileType = folder.assetcatalog; path = Assets.xcassets; sourceTree = "<group>"; };
		3A5910E81CAF4C1100FBB4B5 /* Character.swift */ = {isa = PBXFileReference; fileEncoding = 4; lastKnownFileType = sourcecode.swift; path = Character.swift; sourceTree = "<group>"; };
		3A5910EA1CAF4D7200FBB4B5 /* Player.swift */ = {isa = PBXFileReference; fileEncoding = 4; lastKnownFileType = sourcecode.swift; path = Player.swift; sourceTree = "<group>"; };
		3A5910EC1CAF502300FBB4B5 /* Enemy.swift */ = {isa = PBXFileReference; fileEncoding = 4; lastKnownFileType = sourcecode.swift; path = Enemy.swift; sourceTree = "<group>"; };
		3A5910EE1CAF524900FBB4B5 /* Kimara.swift */ = {isa = PBXFileReference; fileEncoding = 4; lastKnownFileType = sourcecode.swift; path = Kimara.swift; sourceTree = "<group>"; };
		3A5910F01CAF535700FBB4B5 /* DevilWizard.swift */ = {isa = PBXFileReference; fileEncoding = 4; lastKnownFileType = sourcecode.swift; path = DevilWizard.swift; sourceTree = "<group>"; };
/* End PBXFileReference section */

/* Begin PBXFrameworksBuildPhase section */
		3A5910B21CAF4A1D00FBB4B5 /* Frameworks */ = {
			isa = PBXFrameworksBuildPhase;
			buildActionMask = 2147483647;
			files = (
			);
			runOnlyForDeploymentPostprocessing = 0;
		};
		3A5910C61CAF4A1E00FBB4B5 /* Frameworks */ = {
			isa = PBXFrameworksBuildPhase;
			buildActionMask = 2147483647;
			files = (
			);
			runOnlyForDeploymentPostprocessing = 0;
		};
		3A5910D11CAF4A1E00FBB4B5 /* Frameworks */ = {
			isa = PBXFrameworksBuildPhase;
			buildActionMask = 2147483647;
			files = (
			);
			runOnlyForDeploymentPostprocessing = 0;
		};
/* End PBXFrameworksBuildPhase section */

/* Begin PBXGroup section */
		3A5910AC1CAF4A1D00FBB4B5 = {
			isa = PBXGroup;
			children = (
				3A5910B71CAF4A1D00FBB4B5 /* rpg_oop */,
				3A5910CC1CAF4A1E00FBB4B5 /* rpg_oopTests */,
				3A5910D71CAF4A1E00FBB4B5 /* rpg_oopUITests */,
				3A5910B61CAF4A1D00FBB4B5 /* Products */,
			);
			sourceTree = "<group>";
		};
		3A5910B61CAF4A1D00FBB4B5 /* Products */ = {
			isa = PBXGroup;
			children = (
				3A5910B51CAF4A1D00FBB4B5 /* rpg_oop.app */,
				3A5910C91CAF4A1E00FBB4B5 /* rpg_oopTests.xctest */,
				3A5910D41CAF4A1E00FBB4B5 /* rpg_oopUITests.xctest */,
			);
			name = Products;
			sourceTree = "<group>";
		};
		3A5910B71CAF4A1D00FBB4B5 /* rpg_oop */ = {
			isa = PBXGroup;
			children = (
				3A5910B81CAF4A1D00FBB4B5 /* AppDelegate.swift */,
				3A5910BA1CAF4A1D00FBB4B5 /* ViewController.swift */,
				3A5910BC1CAF4A1D00FBB4B5 /* Main.storyboard */,
				3A5910C11CAF4A1E00FBB4B5 /* LaunchScreen.storyboard */,
				3A5910C41CAF4A1E00FBB4B5 /* Info.plist */,
				3A5910E61CAF4BBB00FBB4B5 /* Assets.xcassets */,
				3A5910E81CAF4C1100FBB4B5 /* Character.swift */,
				3A5910EA1CAF4D7200FBB4B5 /* Player.swift */,
				3A5910EC1CAF502300FBB4B5 /* Enemy.swift */,
				3A5910EE1CAF524900FBB4B5 /* Kimara.swift */,
				3A5910F01CAF535700FBB4B5 /* DevilWizard.swift */,
			);
			path = rpg_oop;
			sourceTree = "<group>";
		};
		3A5910CC1CAF4A1E00FBB4B5 /* rpg_oopTests */ = {
			isa = PBXGroup;
			children = (
				3A5910CD1CAF4A1E00FBB4B5 /* rpg_oopTests.swift */,
				3A5910CF1CAF4A1E00FBB4B5 /* Info.plist */,
			);
			path = rpg_oopTests;
			sourceTree = "<group>";
		};
		3A5910D71CAF4A1E00FBB4B5 /* rpg_oopUITests */ = {
			isa = PBXGroup;
			children = (
				3A5910D81CAF4A1E00FBB4B5 /* rpg_oopUITests.swift */,
				3A5910DA1CAF4A1E00FBB4B5 /* Info.plist */,
			);
			path = rpg_oopUITests;
			sourceTree = "<group>";
		};
/* End PBXGroup section */

/* Begin PBXNativeTarget section */
		3A5910B41CAF4A1D00FBB4B5 /* rpg_oop */ = {
			isa = PBXNativeTarget;
			buildConfigurationList = 3A5910DD1CAF4A1E00FBB4B5 /* Build configuration list for PBXNativeTarget "rpg_oop" */;
			buildPhases = (
				3A5910B11CAF4A1D00FBB4B5 /* Sources */,
				3A5910B21CAF4A1D00FBB4B5 /* Frameworks */,
				3A5910B31CAF4A1D00FBB4B5 /* Resources */,
			);
			buildRules = (
			);
			dependencies = (
			);
			name = rpg_oop;
			productName = rpg_oop;
			productReference = 3A5910B51CAF4A1D00FBB4B5 /* rpg_oop.app */;
			productType = "com.apple.product-type.application";
		};
		3A5910C81CAF4A1E00FBB4B5 /* rpg_oopTests */ = {
			isa = PBXNativeTarget;
			buildConfigurationList = 3A5910E01CAF4A1E00FBB4B5 /* Build configuration list for PBXNativeTarget "rpg_oopTests" */;
			buildPhases = (
				3A5910C51CAF4A1E00FBB4B5 /* Sources */,
				3A5910C61CAF4A1E00FBB4B5 /* Frameworks */,
				3A5910C71CAF4A1E00FBB4B5 /* Resources */,
			);
			buildRules = (
			);
			dependencies = (
				3A5910CB1CAF4A1E00FBB4B5 /* PBXTargetDependency */,
			);
			name = rpg_oopTests;
			productName = rpg_oopTests;
			productReference = 3A5910C91CAF4A1E00FBB4B5 /* rpg_oopTests.xctest */;
			productType = "com.apple.product-type.bundle.unit-test";
		};
		3A5910D31CAF4A1E00FBB4B5 /* rpg_oopUITests */ = {
			isa = PBXNativeTarget;
			buildConfigurationList = 3A5910E31CAF4A1E00FBB4B5 /* Build configuration list for PBXNativeTarget "rpg_oopUITests" */;
			buildPhases = (
				3A5910D01CAF4A1E00FBB4B5 /* Sources */,
				3A5910D11CAF4A1E00FBB4B5 /* Frameworks */,
				3A5910D21CAF4A1E00FBB4B5 /* Resources */,
			);
			buildRules = (
			);
			dependencies = (
				3A5910D61CAF4A1E00FBB4B5 /* PBXTargetDependency */,
			);
			name = rpg_oopUITests;
			productName = rpg_oopUITests;
			productReference = 3A5910D41CAF4A1E00FBB4B5 /* rpg_oopUITests.xctest */;
			productType = "com.apple.product-type.bundle.ui-testing";
		};
/* End PBXNativeTarget section */

/* Begin PBXProject section */
		3A5910AD1CAF4A1D00FBB4B5 /* Project object */ = {
			isa = PBXProject;
			attributes = {
				LastSwiftUpdateCheck = 0720;
				LastUpgradeCheck = 0720;
				ORGANIZATIONNAME = mobilestudio;
				TargetAttributes = {
					3A5910B41CAF4A1D00FBB4B5 = {
						CreatedOnToolsVersion = 7.2.1;
						DevelopmentTeam = E3V7BHN522;
					};
					3A5910C81CAF4A1E00FBB4B5 = {
						CreatedOnToolsVersion = 7.2.1;
						DevelopmentTeam = E3V7BHN522;
						TestTargetID = 3A5910B41CAF4A1D00FBB4B5;
					};
					3A5910D31CAF4A1E00FBB4B5 = {
						CreatedOnToolsVersion = 7.2.1;
						DevelopmentTeam = E3V7BHN522;
						TestTargetID = 3A5910B41CAF4A1D00FBB4B5;
					};
				};
			};
			buildConfigurationList = 3A5910B01CAF4A1D00FBB4B5 /* Build configuration list for PBXProject "rpg_oop" */;
			compatibilityVersion = "Xcode 3.2";
			developmentRegion = English;
			hasScannedForEncodings = 0;
			knownRegions = (
				en,
				Base,
			);
			mainGroup = 3A5910AC1CAF4A1D00FBB4B5;
			productRefGroup = 3A5910B61CAF4A1D00FBB4B5 /* Products */;
			projectDirPath = "";
			projectRoot = "";
			targets = (
				3A5910B41CAF4A1D00FBB4B5 /* rpg_oop */,
				3A5910C81CAF4A1E00FBB4B5 /* rpg_oopTests */,
				3A5910D31CAF4A1E00FBB4B5 /* rpg_oopUITests */,
			);
		};
/* End PBXProject section */

/* Begin PBXResourcesBuildPhase section */
		3A5910B31CAF4A1D00FBB4B5 /* Resources */ = {
			isa = PBXResourcesBuildPhase;
			buildActionMask = 2147483647;
			files = (
				3A5910C31CAF4A1E00FBB4B5 /* LaunchScreen.storyboard in Resources */,
				3A5910E71CAF4BBB00FBB4B5 /* Assets.xcassets in Resources */,
				3A5910BE1CAF4A1E00FBB4B5 /* Main.storyboard in Resources */,
			);
			runOnlyForDeploymentPostprocessing = 0;
		};
		3A5910C71CAF4A1E00FBB4B5 /* Resources */ = {
			isa = PBXResourcesBuildPhase;
			buildActionMask = 2147483647;
			files = (
			);
			runOnlyForDeploymentPostprocessing = 0;
		};
		3A5910D21CAF4A1E00FBB4B5 /* Resources */ = {
			isa = PBXResourcesBuildPhase;
			buildActionMask = 2147483647;
			files = (
			);
			runOnlyForDeploymentPostprocessing = 0;
		};
/* End PBXResourcesBuildPhase section */

/* Begin PBXSourcesBuildPhase section */
		3A5910B11CAF4A1D00FBB4B5 /* Sources */ = {
			isa = PBXSourcesBuildPhase;
			buildActionMask = 2147483647;
			files = (
				3A5910EB1CAF4D7200FBB4B5 /* Player.swift in Sources */,
				3A5910ED1CAF502300FBB4B5 /* Enemy.swift in Sources */,
				3A5910F11CAF535700FBB4B5 /* DevilWizard.swift in Sources */,
				3A5910EF1CAF524900FBB4B5 /* Kimara.swift in Sources */,
				3A5910E91CAF4C1100FBB4B5 /* Character.swift in Sources */,
				3A5910BB1CAF4A1D00FBB4B5 /* ViewController.swift in Sources */,
				3A5910B91CAF4A1D00FBB4B5 /* AppDelegate.swift in Sources */,
			);
			runOnlyForDeploymentPostprocessing = 0;
		};
		3A5910C51CAF4A1E00FBB4B5 /* Sources */ = {
			isa = PBXSourcesBuildPhase;
			buildActionMask = 2147483647;
			files = (
				3A5910CE1CAF4A1E00FBB4B5 /* rpg_oopTests.swift in Sources */,
			);
			runOnlyForDeploymentPostprocessing = 0;
		};
		3A5910D01CAF4A1E00FBB4B5 /* Sources */ = {
			isa = PBXSourcesBuildPhase;
			buildActionMask = 2147483647;
			files = (
				3A5910D91CAF4A1E00FBB4B5 /* rpg_oopUITests.swift in Sources */,
			);
			runOnlyForDeploymentPostprocessing = 0;
		};
/* End PBXSourcesBuildPhase section */

/* Begin PBXTargetDependency section */
		3A5910CB1CAF4A1E00FBB4B5 /* PBXTargetDependency */ = {
			isa = PBXTargetDependency;
			target = 3A5910B41CAF4A1D00FBB4B5 /* rpg_oop */;
			targetProxy = 3A5910CA1CAF4A1E00FBB4B5 /* PBXContainerItemProxy */;
		};
		3A5910D61CAF4A1E00FBB4B5 /* PBXTargetDependency */ = {
			isa = PBXTargetDependency;
			target = 3A5910B41CAF4A1D00FBB4B5 /* rpg_oop */;
			targetProxy = 3A5910D51CAF4A1E00FBB4B5 /* PBXContainerItemProxy */;
		};
/* End PBXTargetDependency section */

/* Begin PBXVariantGroup section */
		3A5910BC1CAF4A1D00FBB4B5 /* Main.storyboard */ = {
			isa = PBXVariantGroup;
			children = (
				3A5910BD1CAF4A1D00FBB4B5 /* Base */,
			);
			name = Main.storyboard;
			sourceTree = "<group>";
		};
		3A5910C11CAF4A1E00FBB4B5 /* LaunchScreen.storyboard */ = {
			isa = PBXVariantGroup;
			children = (
				3A5910C21CAF4A1E00FBB4B5 /* Base */,
			);
			name = LaunchScreen.storyboard;
			sourceTree = "<group>";
		};
/* End PBXVariantGroup section */

/* Begin XCBuildConfiguration section */
		3A5910DB1CAF4A1E00FBB4B5 /* Debug */ = {
			isa = XCBuildConfiguration;
			buildSettings = {
				ALWAYS_SEARCH_USER_PATHS = NO;
				CLANG_CXX_LANGUAGE_STANDARD = "gnu++0x";
				CLANG_CXX_LIBRARY = "libc++";
				CLANG_ENABLE_MODULES = YES;
				CLANG_ENABLE_OBJC_ARC = YES;
				CLANG_WARN_BOOL_CONVERSION = YES;
				CLANG_WARN_CONSTANT_CONVERSION = YES;
				CLANG_WARN_DIRECT_OBJC_ISA_USAGE = YES_ERROR;
				CLANG_WARN_EMPTY_BODY = YES;
				CLANG_WARN_ENUM_CONVERSION = YES;
				CLANG_WARN_INT_CONVERSION = YES;
				CLANG_WARN_OBJC_ROOT_CLASS = YES_ERROR;
				CLANG_WARN_UNREACHABLE_CODE = YES;
				CLANG_WARN__DUPLICATE_METHOD_MATCH = YES;
				"CODE_SIGN_IDENTITY[sdk=iphoneos*]" = "iPhone Developer";
				COPY_PHASE_STRIP = NO;
				DEBUG_INFORMATION_FORMAT = dwarf;
				ENABLE_STRICT_OBJC_MSGSEND = YES;
				ENABLE_TESTABILITY = YES;
				GCC_C_LANGUAGE_STANDARD = gnu99;
				GCC_DYNAMIC_NO_PIC = NO;
				GCC_NO_COMMON_BLOCKS = YES;
				GCC_OPTIMIZATION_LEVEL = 0;
				GCC_PREPROCESSOR_DEFINITIONS = (
					"DEBUG=1",
					"$(inherited)",
				);
				GCC_WARN_64_TO_32_BIT_CONVERSION = YES;
				GCC_WARN_ABOUT_RETURN_TYPE = YES_ERROR;
				GCC_WARN_UNDECLARED_SELECTOR = YES;
				GCC_WARN_UNINITIALIZED_AUTOS = YES_AGGRESSIVE;
				GCC_WARN_UNUSED_FUNCTION = YES;
				GCC_WARN_UNUSED_VARIABLE = YES;
				IPHONEOS_DEPLOYMENT_TARGET = 9.2;
				MTL_ENABLE_DEBUG_INFO = YES;
				ONLY_ACTIVE_ARCH = YES;
				SDKROOT = iphoneos;
				SWIFT_OPTIMIZATION_LEVEL = "-Onone";
			};
			name = Debug;
		};
		3A5910DC1CAF4A1E00FBB4B5 /* Release */ = {
			isa = XCBuildConfiguration;
			buildSettings = {
				ALWAYS_SEARCH_USER_PATHS = NO;
				CLANG_CXX_LANGUAGE_STANDARD = "gnu++0x";
				CLANG_CXX_LIBRARY = "libc++";
				CLANG_ENABLE_MODULES = YES;
				CLANG_ENABLE_OBJC_ARC = YES;
				CLANG_WARN_BOOL_CONVERSION = YES;
				CLANG_WARN_CONSTANT_CONVERSION = YES;
				CLANG_WARN_DIRECT_OBJC_ISA_USAGE = YES_ERROR;
				CLANG_WARN_EMPTY_BODY = YES;
				CLANG_WARN_ENUM_CONVERSION = YES;
				CLANG_WARN_INT_CONVERSION = YES;
				CLANG_WARN_OBJC_ROOT_CLASS = YES_ERROR;
				CLANG_WARN_UNREACHABLE_CODE = YES;
				CLANG_WARN__DUPLICATE_METHOD_MATCH = YES;
				"CODE_SIGN_IDENTITY[sdk=iphoneos*]" = "iPhone Developer";
				COPY_PHASE_STRIP = NO;
				DEBUG_INFORMATION_FORMAT = "dwarf-with-dsym";
				ENABLE_NS_ASSERTIONS = NO;
				ENABLE_STRICT_OBJC_MSGSEND = YES;
				GCC_C_LANGUAGE_STANDARD = gnu99;
				GCC_NO_COMMON_BLOCKS = YES;
				GCC_WARN_64_TO_32_BIT_CONVERSION = YES;
				GCC_WARN_ABOUT_RETURN_TYPE = YES_ERROR;
				GCC_WARN_UNDECLARED_SELECTOR = YES;
				GCC_WARN_UNINITIALIZED_AUTOS = YES_AGGRESSIVE;
				GCC_WARN_UNUSED_FUNCTION = YES;
				GCC_WARN_UNUSED_VARIABLE = YES;
				IPHONEOS_DEPLOYMENT_TARGET = 9.2;
				MTL_ENABLE_DEBUG_INFO = NO;
				SDKROOT = iphoneos;
				VALIDATE_PRODUCT = YES;
			};
			name = Release;
		};
		3A5910DE1CAF4A1E00FBB4B5 /* Debug */ = {
			isa = XCBuildConfiguration;
			buildSettings = {
				ASSETCATALOG_COMPILER_APPICON_NAME = AppIcon;
				INFOPLIST_FILE = rpg_oop/Info.plist;
				LD_RUNPATH_SEARCH_PATHS = "$(inherited) @executable_path/Frameworks";
				PRODUCT_BUNDLE_IDENTIFIER = "com.mobilestudio.rpg-oop";
				PRODUCT_NAME = "$(TARGET_NAME)";
			};
			name = Debug;
		};
		3A5910DF1CAF4A1E00FBB4B5 /* Release */ = {
			isa = XCBuildConfiguration;
			buildSettings = {
				ASSETCATALOG_COMPILER_APPICON_NAME = AppIcon;
				INFOPLIST_FILE = rpg_oop/Info.plist;
				LD_RUNPATH_SEARCH_PATHS = "$(inherited) @executable_path/Frameworks";
				PRODUCT_BUNDLE_IDENTIFIER = "com.mobilestudio.rpg-oop";
				PRODUCT_NAME = "$(TARGET_NAME)";
			};
			name = Release;
		};
		3A5910E11CAF4A1E00FBB4B5 /* Debug */ = {
			isa = XCBuildConfiguration;
			buildSettings = {
				BUNDLE_LOADER = "$(TEST_HOST)";
				INFOPLIST_FILE = rpg_oopTests/Info.plist;
				LD_RUNPATH_SEARCH_PATHS = "$(inherited) @executable_path/Frameworks @loader_path/Frameworks";
				PRODUCT_BUNDLE_IDENTIFIER = "com.mobilestudio.rpg-oopTests";
				PRODUCT_NAME = "$(TARGET_NAME)";
				TEST_HOST = "$(BUILT_PRODUCTS_DIR)/rpg_oop.app/rpg_oop";
			};
			name = Debug;
		};
		3A5910E21CAF4A1E00FBB4B5 /* Release */ = {
			isa = XCBuildConfiguration;
			buildSettings = {
				BUNDLE_LOADER = "$(TEST_HOST)";
				INFOPLIST_FILE = rpg_oopTests/Info.plist;
				LD_RUNPATH_SEARCH_PATHS = "$(inherited) @executable_path/Frameworks @loader_path/Frameworks";
				PRODUCT_BUNDLE_IDENTIFIER = "com.mobilestudio.rpg-oopTests";
				PRODUCT_NAME = "$(TARGET_NAME)";
				TEST_HOST = "$(BUILT_PRODUCTS_DIR)/rpg_oop.app/rpg_oop";
			};
			name = Release;
		};
		3A5910E41CAF4A1E00FBB4B5 /* Debug */ = {
			isa = XCBuildConfiguration;
			buildSettings = {
				INFOPLIST_FILE = rpg_oopUITests/Info.plist;
				LD_RUNPATH_SEARCH_PATHS = "$(inherited) @executable_path/Frameworks @loader_path/Frameworks";
				PRODUCT_BUNDLE_IDENTIFIER = "com.mobilestudio.rpg-oopUITests";
				PRODUCT_NAME = "$(TARGET_NAME)";
				TEST_TARGET_NAME = rpg_oop;
				USES_XCTRUNNER = YES;
			};
			name = Debug;
		};
		3A5910E51CAF4A1E00FBB4B5 /* Release */ = {
			isa = XCBuildConfiguration;
			buildSettings = {
				INFOPLIST_FILE = rpg_oopUITests/Info.plist;
				LD_RUNPATH_SEARCH_PATHS = "$(inherited) @executable_path/Frameworks @loader_path/Frameworks";
				PRODUCT_BUNDLE_IDENTIFIER = "com.mobilestudio.rpg-oopUITests";
				PRODUCT_NAME = "$(TARGET_NAME)";
				TEST_TARGET_NAME = rpg_oop;
				USES_XCTRUNNER = YES;
			};
			name = Release;
		};
/* End XCBuildConfiguration section */

/* Begin XCConfigurationList section */
		3A5910B01CAF4A1D00FBB4B5 /* Build configuration list for PBXProject "rpg_oop" */ = {
			isa = XCConfigurationList;
			buildConfigurations = (
				3A5910DB1CAF4A1E00FBB4B5 /* Debug */,
				3A5910DC1CAF4A1E00FBB4B5 /* Release */,
			);
			defaultConfigurationIsVisible = 0;
			defaultConfigurationName = Release;
		};
		3A5910DD1CAF4A1E00FBB4B5 /* Build configuration list for PBXNativeTarget "rpg_oop" */ = {
			isa = XCConfigurationList;
			buildConfigurations = (
				3A5910DE1CAF4A1E00FBB4B5 /* Debug */,
				3A5910DF1CAF4A1E00FBB4B5 /* Release */,
			);
			defaultConfigurationIsVisible = 0;
		};
		3A5910E01CAF4A1E00FBB4B5 /* Build configuration list for PBXNativeTarget "rpg_oopTests" */ = {
			isa = XCConfigurationList;
			buildConfigurations = (
				3A5910E11CAF4A1E00FBB4B5 /* Debug */,
				3A5910E21CAF4A1E00FBB4B5 /* Release */,
			);
			defaultConfigurationIsVisible = 0;
		};
		3A5910E31CAF4A1E00FBB4B5 /* Build configuration list for PBXNativeTarget "rpg_oopUITests" */ = {
			isa = XCConfigurationList;
			buildConfigurations = (
				3A5910E41CAF4A1E00FBB4B5 /* Debug */,
				3A5910E51CAF4A1E00FBB4B5 /* Release */,
			);
			defaultConfigurationIsVisible = 0;
		};
/* End XCConfigurationList section */
	};
	rootObject = 3A5910AD1CAF4A1D00FBB4B5 /* Project object */;
}
